// !$*UTF8*$!
{
	archiveVersion = 1;
	classes = {
	};
	objectVersion = 48;
	objects = {

/* Begin PBXBuildFile section */
		2705BC32202E48DD00213DF6 /* DefaultsKeys.swift in Sources */ = {isa = PBXBuildFile; fileRef = 2705BC31202E48DD00213DF6 /* DefaultsKeys.swift */; };
		273BE5372054610C00EF57C2 /* NetworkingConstants.swift in Sources */ = {isa = PBXBuildFile; fileRef = 273BE5362054610C00EF57C2 /* NetworkingConstants.swift */; };
		27431B712059E8D2008B4D2B /* CardView.xib in Resources */ = {isa = PBXBuildFile; fileRef = 27431B702059E8D2008B4D2B /* CardView.xib */; };
		27431B732059E8E0008B4D2B /* CardView.swift in Sources */ = {isa = PBXBuildFile; fileRef = 27431B722059E8E0008B4D2B /* CardView.swift */; };
		2781964F2053773900A42E4C /* CreateAccountRequest.swift in Sources */ = {isa = PBXBuildFile; fileRef = 2781964E2053773900A42E4C /* CreateAccountRequest.swift */; };
		278196512053787500A42E4C /* Result.swift in Sources */ = {isa = PBXBuildFile; fileRef = 278196502053787500A42E4C /* Result.swift */; };
		2781965320537E6500A42E4C /* UpdateAccountRequest.swift in Sources */ = {isa = PBXBuildFile; fileRef = 2781965220537E6500A42E4C /* UpdateAccountRequest.swift */; };
		279FE4FA20659453007B7F17 /* BlockingList.swift in Sources */ = {isa = PBXBuildFile; fileRef = 279FE4F920659453007B7F17 /* BlockingList.swift */; };
		279FE4FC20659686007B7F17 /* BlockingListStore.swift in Sources */ = {isa = PBXBuildFile; fileRef = 279FE4FB20659686007B7F17 /* BlockingListStore.swift */; };
		27C34F6E2017D9E700B129F6 /* AppDelegate.swift in Sources */ = {isa = PBXBuildFile; fileRef = 27C34F6D2017D9E700B129F6 /* AppDelegate.swift */; };
		27C34F732017D9E700B129F6 /* Main.storyboard in Resources */ = {isa = PBXBuildFile; fileRef = 27C34F712017D9E700B129F6 /* Main.storyboard */; };
		27C34F752017D9E700B129F6 /* Assets.xcassets in Resources */ = {isa = PBXBuildFile; fileRef = 27C34F742017D9E700B129F6 /* Assets.xcassets */; };
		27C34F782017D9E700B129F6 /* LaunchScreen.storyboard in Resources */ = {isa = PBXBuildFile; fileRef = 27C34F762017D9E700B129F6 /* LaunchScreen.storyboard */; };
		27C34F802017DCF900B129F6 /* MainViewController.swift in Sources */ = {isa = PBXBuildFile; fileRef = 27C34F7F2017DCF900B129F6 /* MainViewController.swift */; };
		27C34F822017DD4F00B129F6 /* BlockingListViewController.swift in Sources */ = {isa = PBXBuildFile; fileRef = 27C34F812017DD4F00B129F6 /* BlockingListViewController.swift */; };
		27C34F842017DEB900B129F6 /* BlockingRuleViewController.swift in Sources */ = {isa = PBXBuildFile; fileRef = 27C34F832017DEB900B129F6 /* BlockingRuleViewController.swift */; };
		27C34F872017E24900B129F6 /* BlockingRuleCell.swift in Sources */ = {isa = PBXBuildFile; fileRef = 27C34F862017E24900B129F6 /* BlockingRuleCell.swift */; };
		27C34F8C2017E54F00B129F6 /* SharedUserDefaults.swift in Sources */ = {isa = PBXBuildFile; fileRef = 27C34F8B2017E54F00B129F6 /* SharedUserDefaults.swift */; };
		27C34F902017E6EA00B129F6 /* BlockingRule.swift in Sources */ = {isa = PBXBuildFile; fileRef = 27C34F8F2017E6EA00B129F6 /* BlockingRule.swift */; };
		789207D62023AEB10053F351 /* BlockingSchedulesViewController.swift in Sources */ = {isa = PBXBuildFile; fileRef = 789207D52023AEB10053F351 /* BlockingSchedulesViewController.swift */; };
		789207D82023B18D0053F351 /* BlockingSchedule.swift in Sources */ = {isa = PBXBuildFile; fileRef = 789207D72023B18D0053F351 /* BlockingSchedule.swift */; };
		789207DA2023B32D0053F351 /* BlockingScheduleStore.swift in Sources */ = {isa = PBXBuildFile; fileRef = 789207D92023B32D0053F351 /* BlockingScheduleStore.swift */; };
		789207DC2023B8370053F351 /* BlockingSchedueCell.swift in Sources */ = {isa = PBXBuildFile; fileRef = 789207DB2023B8370053F351 /* BlockingSchedueCell.swift */; };
		789207DE2023B8FE0053F351 /* DateExtensions.swift in Sources */ = {isa = PBXBuildFile; fileRef = 789207DD2023B8FE0053F351 /* DateExtensions.swift */; };
		789207E02023BC160053F351 /* BlockingScheduleViewController.swift in Sources */ = {isa = PBXBuildFile; fileRef = 789207DF2023BC160053F351 /* BlockingScheduleViewController.swift */; };
/* End PBXBuildFile section */

/* Begin PBXFileReference section */
		2705BC2C202D2F8300213DF6 /* Refrain.entitlements */ = {isa = PBXFileReference; lastKnownFileType = text.plist.entitlements; path = Refrain.entitlements; sourceTree = "<group>"; };
		2705BC31202E48DD00213DF6 /* DefaultsKeys.swift */ = {isa = PBXFileReference; lastKnownFileType = sourcecode.swift; path = DefaultsKeys.swift; sourceTree = "<group>"; };
		273BE5362054610C00EF57C2 /* NetworkingConstants.swift */ = {isa = PBXFileReference; lastKnownFileType = sourcecode.swift; path = NetworkingConstants.swift; sourceTree = "<group>"; };
		27431B702059E8D2008B4D2B /* CardView.xib */ = {isa = PBXFileReference; lastKnownFileType = file.xib; path = CardView.xib; sourceTree = "<group>"; };
		27431B722059E8E0008B4D2B /* CardView.swift */ = {isa = PBXFileReference; lastKnownFileType = sourcecode.swift; path = CardView.swift; sourceTree = "<group>"; };
		2781964E2053773900A42E4C /* CreateAccountRequest.swift */ = {isa = PBXFileReference; lastKnownFileType = sourcecode.swift; path = CreateAccountRequest.swift; sourceTree = "<group>"; };
		278196502053787500A42E4C /* Result.swift */ = {isa = PBXFileReference; lastKnownFileType = sourcecode.swift; path = Result.swift; sourceTree = "<group>"; };
		2781965220537E6500A42E4C /* UpdateAccountRequest.swift */ = {isa = PBXFileReference; lastKnownFileType = sourcecode.swift; path = UpdateAccountRequest.swift; sourceTree = "<group>"; };
		279FE4F920659453007B7F17 /* BlockingList.swift */ = {isa = PBXFileReference; lastKnownFileType = sourcecode.swift; path = BlockingList.swift; sourceTree = "<group>"; };
		279FE4FB20659686007B7F17 /* BlockingListStore.swift */ = {isa = PBXFileReference; lastKnownFileType = sourcecode.swift; path = BlockingListStore.swift; sourceTree = "<group>"; };
		27C34F6A2017D9E700B129F6 /* Refrain.app */ = {isa = PBXFileReference; explicitFileType = wrapper.application; includeInIndex = 0; path = Refrain.app; sourceTree = BUILT_PRODUCTS_DIR; };
		27C34F6D2017D9E700B129F6 /* AppDelegate.swift */ = {isa = PBXFileReference; lastKnownFileType = sourcecode.swift; path = AppDelegate.swift; sourceTree = "<group>"; };
		27C34F722017D9E700B129F6 /* Base */ = {isa = PBXFileReference; lastKnownFileType = file.storyboard; name = Base; path = Base.lproj/Main.storyboard; sourceTree = "<group>"; };
		27C34F742017D9E700B129F6 /* Assets.xcassets */ = {isa = PBXFileReference; lastKnownFileType = folder.assetcatalog; path = Assets.xcassets; sourceTree = "<group>"; };
		27C34F772017D9E700B129F6 /* Base */ = {isa = PBXFileReference; lastKnownFileType = file.storyboard; name = Base; path = Base.lproj/LaunchScreen.storyboard; sourceTree = "<group>"; };
		27C34F792017D9E700B129F6 /* Info.plist */ = {isa = PBXFileReference; lastKnownFileType = text.plist.xml; path = Info.plist; sourceTree = "<group>"; };
		27C34F7F2017DCF900B129F6 /* MainViewController.swift */ = {isa = PBXFileReference; lastKnownFileType = sourcecode.swift; path = MainViewController.swift; sourceTree = "<group>"; };
		27C34F812017DD4F00B129F6 /* BlockingListViewController.swift */ = {isa = PBXFileReference; lastKnownFileType = sourcecode.swift; path = BlockingListViewController.swift; sourceTree = "<group>"; };
		27C34F832017DEB900B129F6 /* BlockingRuleViewController.swift */ = {isa = PBXFileReference; lastKnownFileType = sourcecode.swift; path = BlockingRuleViewController.swift; sourceTree = "<group>"; };
		27C34F862017E24900B129F6 /* BlockingRuleCell.swift */ = {isa = PBXFileReference; lastKnownFileType = sourcecode.swift; path = BlockingRuleCell.swift; sourceTree = "<group>"; };
		27C34F8B2017E54F00B129F6 /* SharedUserDefaults.swift */ = {isa = PBXFileReference; lastKnownFileType = sourcecode.swift; path = SharedUserDefaults.swift; sourceTree = "<group>"; };
		27C34F8F2017E6EA00B129F6 /* BlockingRule.swift */ = {isa = PBXFileReference; lastKnownFileType = sourcecode.swift; path = BlockingRule.swift; sourceTree = "<group>"; };
		789207D52023AEB10053F351 /* BlockingSchedulesViewController.swift */ = {isa = PBXFileReference; lastKnownFileType = sourcecode.swift; path = BlockingSchedulesViewController.swift; sourceTree = "<group>"; };
		789207D72023B18D0053F351 /* BlockingSchedule.swift */ = {isa = PBXFileReference; lastKnownFileType = sourcecode.swift; path = BlockingSchedule.swift; sourceTree = "<group>"; };
		789207D92023B32D0053F351 /* BlockingScheduleStore.swift */ = {isa = PBXFileReference; lastKnownFileType = sourcecode.swift; path = BlockingScheduleStore.swift; sourceTree = "<group>"; };
		789207DB2023B8370053F351 /* BlockingSchedueCell.swift */ = {isa = PBXFileReference; lastKnownFileType = sourcecode.swift; path = BlockingSchedueCell.swift; sourceTree = "<group>"; };
		789207DD2023B8FE0053F351 /* DateExtensions.swift */ = {isa = PBXFileReference; lastKnownFileType = sourcecode.swift; path = DateExtensions.swift; sourceTree = "<group>"; };
		789207DF2023BC160053F351 /* BlockingScheduleViewController.swift */ = {isa = PBXFileReference; lastKnownFileType = sourcecode.swift; path = BlockingScheduleViewController.swift; sourceTree = "<group>"; };
/* End PBXFileReference section */

/* Begin PBXFrameworksBuildPhase section */
		27C34F672017D9E700B129F6 /* Frameworks */ = {
			isa = PBXFrameworksBuildPhase;
			buildActionMask = 2147483647;
			files = (
			);
			runOnlyForDeploymentPostprocessing = 0;
		};
/* End PBXFrameworksBuildPhase section */

/* Begin PBXGroup section */
		27431B6A2059E843008B4D2B /* View Controllers */ = {
			isa = PBXGroup;
			children = (
				27C34F7F2017DCF900B129F6 /* MainViewController.swift */,
				27C34F852017DEBD00B129F6 /* Blocking List */,
				789207D42023A2C90053F351 /* Schedules */,
			);
			path = "View Controllers";
			sourceTree = "<group>";
		};
		27431B6B2059E84D008B4D2B /* Views */ = {
			isa = PBXGroup;
			children = (
				27431B722059E8E0008B4D2B /* CardView.swift */,
				27431B702059E8D2008B4D2B /* CardView.xib */,
			);
			path = Views;
			sourceTree = "<group>";
		};
		2781964D2053771100A42E4C /* Networking */ = {
			isa = PBXGroup;
			children = (
				273BE5362054610C00EF57C2 /* NetworkingConstants.swift */,
				2781964E2053773900A42E4C /* CreateAccountRequest.swift */,
				2781965220537E6500A42E4C /* UpdateAccountRequest.swift */,
			);
			path = Networking;
			sourceTree = "<group>";
		};
		27C34F612017D9E700B129F6 = {
			isa = PBXGroup;
			children = (
				27C34F6C2017D9E700B129F6 /* Refrain */,
				27C34F6B2017D9E700B129F6 /* Products */,
			);
			sourceTree = "<group>";
		};
		27C34F6B2017D9E700B129F6 /* Products */ = {
			isa = PBXGroup;
			children = (
				27C34F6A2017D9E700B129F6 /* Refrain.app */,
			);
			name = Products;
			sourceTree = "<group>";
		};
		27C34F6C2017D9E700B129F6 /* Refrain */ = {
			isa = PBXGroup;
			children = (
				2705BC2C202D2F8300213DF6 /* Refrain.entitlements */,
				27C34F6D2017D9E700B129F6 /* AppDelegate.swift */,
				2781964D2053771100A42E4C /* Networking */,
				27C34F912017E6EE00B129F6 /* Model */,
				27431B6A2059E843008B4D2B /* View Controllers */,
				27431B6B2059E84D008B4D2B /* Views */,
				27C34F922017E7E800B129F6 /* Helpers */,
				27C34F712017D9E700B129F6 /* Main.storyboard */,
				27C34F742017D9E700B129F6 /* Assets.xcassets */,
				27C34F762017D9E700B129F6 /* LaunchScreen.storyboard */,
				27C34F792017D9E700B129F6 /* Info.plist */,
			);
			path = Refrain;
			sourceTree = "<group>";
		};
		27C34F852017DEBD00B129F6 /* Blocking List */ = {
			isa = PBXGroup;
			children = (
				27C34F812017DD4F00B129F6 /* BlockingListViewController.swift */,
				27C34F862017E24900B129F6 /* BlockingRuleCell.swift */,
				27C34F832017DEB900B129F6 /* BlockingRuleViewController.swift */,
			);
			path = "Blocking List";
			sourceTree = "<group>";
		};
		27C34F882017E51800B129F6 /* Defaults */ = {
			isa = PBXGroup;
			children = (
				27C34F8B2017E54F00B129F6 /* SharedUserDefaults.swift */,
				2705BC31202E48DD00213DF6 /* DefaultsKeys.swift */,
				279FE4FB20659686007B7F17 /* BlockingListStore.swift */,
				789207D92023B32D0053F351 /* BlockingScheduleStore.swift */,
			);
			path = Defaults;
			sourceTree = "<group>";
		};
		27C34F912017E6EE00B129F6 /* Model */ = {
			isa = PBXGroup;
			children = (
				279FE4F920659453007B7F17 /* BlockingList.swift */,
				27C34F8F2017E6EA00B129F6 /* BlockingRule.swift */,
				789207D72023B18D0053F351 /* BlockingSchedule.swift */,
			);
			path = Model;
			sourceTree = "<group>";
		};
		27C34F922017E7E800B129F6 /* Helpers */ = {
			isa = PBXGroup;
			children = (
				789207DD2023B8FE0053F351 /* DateExtensions.swift */,
				278196502053787500A42E4C /* Result.swift */,
				27C34F882017E51800B129F6 /* Defaults */,
			);
			path = Helpers;
			sourceTree = "<group>";
		};
		789207D42023A2C90053F351 /* Schedules */ = {
			isa = PBXGroup;
			children = (
				789207D52023AEB10053F351 /* BlockingSchedulesViewController.swift */,
				789207DB2023B8370053F351 /* BlockingSchedueCell.swift */,
				789207DF2023BC160053F351 /* BlockingScheduleViewController.swift */,
			);
			path = Schedules;
			sourceTree = "<group>";
		};
/* End PBXGroup section */

/* Begin PBXNativeTarget section */
		27C34F692017D9E700B129F6 /* Refrain */ = {
			isa = PBXNativeTarget;
			buildConfigurationList = 27C34F7C2017D9E700B129F6 /* Build configuration list for PBXNativeTarget "Refrain" */;
			buildPhases = (
				27C34F662017D9E700B129F6 /* Sources */,
				27C34F672017D9E700B129F6 /* Frameworks */,
				27C34F682017D9E700B129F6 /* Resources */,
			);
			buildRules = (
			);
			dependencies = (
			);
			name = Refrain;
			productName = Refrain;
			productReference = 27C34F6A2017D9E700B129F6 /* Refrain.app */;
			productType = "com.apple.product-type.application";
		};
/* End PBXNativeTarget section */

/* Begin PBXProject section */
		27C34F622017D9E700B129F6 /* Project object */ = {
			isa = PBXProject;
			attributes = {
				LastSwiftUpdateCheck = 0920;
				LastUpgradeCheck = 0920;
				ORGANIZATIONNAME = Kyle;
				TargetAttributes = {
					27C34F692017D9E700B129F6 = {
						CreatedOnToolsVersion = 9.2;
						ProvisioningStyle = Automatic;
						SystemCapabilities = {
							com.apple.Push = {
								enabled = 1;
							};
						};
					};
				};
			};
			buildConfigurationList = 27C34F652017D9E700B129F6 /* Build configuration list for PBXProject "Refrain" */;
			compatibilityVersion = "Xcode 8.0";
			developmentRegion = en;
			hasScannedForEncodings = 0;
			knownRegions = (
				en,
				Base,
			);
			mainGroup = 27C34F612017D9E700B129F6;
			productRefGroup = 27C34F6B2017D9E700B129F6 /* Products */;
			projectDirPath = "";
			projectRoot = "";
			targets = (
				27C34F692017D9E700B129F6 /* Refrain */,
			);
		};
/* End PBXProject section */

/* Begin PBXResourcesBuildPhase section */
		27C34F682017D9E700B129F6 /* Resources */ = {
			isa = PBXResourcesBuildPhase;
			buildActionMask = 2147483647;
			files = (
				27C34F782017D9E700B129F6 /* LaunchScreen.storyboard in Resources */,
				27C34F752017D9E700B129F6 /* Assets.xcassets in Resources */,
				27431B712059E8D2008B4D2B /* CardView.xib in Resources */,
				27C34F732017D9E700B129F6 /* Main.storyboard in Resources */,
			);
			runOnlyForDeploymentPostprocessing = 0;
		};
/* End PBXResourcesBuildPhase section */

/* Begin PBXSourcesBuildPhase section */
		27C34F662017D9E700B129F6 /* Sources */ = {
			isa = PBXSourcesBuildPhase;
			buildActionMask = 2147483647;
			files = (
				27C34F6E2017D9E700B129F6 /* AppDelegate.swift in Sources */,
				2705BC32202E48DD00213DF6 /* DefaultsKeys.swift in Sources */,
				2781965320537E6500A42E4C /* UpdateAccountRequest.swift in Sources */,
				27C34F802017DCF900B129F6 /* MainViewController.swift in Sources */,
				789207D62023AEB10053F351 /* BlockingSchedulesViewController.swift in Sources */,
				27C34F842017DEB900B129F6 /* BlockingRuleViewController.swift in Sources */,
				279FE4FC20659686007B7F17 /* BlockingListStore.swift in Sources */,
				27C34F872017E24900B129F6 /* BlockingRuleCell.swift in Sources */,
				789207D82023B18D0053F351 /* BlockingSchedule.swift in Sources */,
				789207DC2023B8370053F351 /* BlockingSchedueCell.swift in Sources */,
				789207DA2023B32D0053F351 /* BlockingScheduleStore.swift in Sources */,
				27C34F822017DD4F00B129F6 /* BlockingListViewController.swift in Sources */,
				27C34F902017E6EA00B129F6 /* BlockingRule.swift in Sources */,
				27C34F8C2017E54F00B129F6 /* SharedUserDefaults.swift in Sources */,
				27431B732059E8E0008B4D2B /* CardView.swift in Sources */,
				789207E02023BC160053F351 /* BlockingScheduleViewController.swift in Sources */,
				278196512053787500A42E4C /* Result.swift in Sources */,
				789207DE2023B8FE0053F351 /* DateExtensions.swift in Sources */,
				273BE5372054610C00EF57C2 /* NetworkingConstants.swift in Sources */,
				279FE4FA20659453007B7F17 /* BlockingList.swift in Sources */,
				2781964F2053773900A42E4C /* CreateAccountRequest.swift in Sources */,
			);
			runOnlyForDeploymentPostprocessing = 0;
		};
/* End PBXSourcesBuildPhase section */

/* Begin PBXVariantGroup section */
		27C34F712017D9E700B129F6 /* Main.storyboard */ = {
			isa = PBXVariantGroup;
			children = (
				27C34F722017D9E700B129F6 /* Base */,
			);
			name = Main.storyboard;
			sourceTree = "<group>";
		};
		27C34F762017D9E700B129F6 /* LaunchScreen.storyboard */ = {
			isa = PBXVariantGroup;
			children = (
				27C34F772017D9E700B129F6 /* Base */,
			);
			name = LaunchScreen.storyboard;
			sourceTree = "<group>";
		};
/* End PBXVariantGroup section */

/* Begin XCBuildConfiguration section */
		27C34F7A2017D9E700B129F6 /* Debug */ = {
			isa = XCBuildConfiguration;
			buildSettings = {
				ALWAYS_SEARCH_USER_PATHS = NO;
				CLANG_ANALYZER_NONNULL = YES;
				CLANG_ANALYZER_NUMBER_OBJECT_CONVERSION = YES_AGGRESSIVE;
				CLANG_CXX_LANGUAGE_STANDARD = "gnu++14";
				CLANG_CXX_LIBRARY = "libc++";
				CLANG_ENABLE_MODULES = YES;
				CLANG_ENABLE_OBJC_ARC = YES;
				CLANG_WARN_BLOCK_CAPTURE_AUTORELEASING = YES;
				CLANG_WARN_BOOL_CONVERSION = YES;
				CLANG_WARN_COMMA = YES;
				CLANG_WARN_CONSTANT_CONVERSION = YES;
				CLANG_WARN_DIRECT_OBJC_ISA_USAGE = YES_ERROR;
				CLANG_WARN_DOCUMENTATION_COMMENTS = YES;
				CLANG_WARN_EMPTY_BODY = YES;
				CLANG_WARN_ENUM_CONVERSION = YES;
				CLANG_WARN_INFINITE_RECURSION = YES;
				CLANG_WARN_INT_CONVERSION = YES;
				CLANG_WARN_NON_LITERAL_NULL_CONVERSION = YES;
				CLANG_WARN_OBJC_LITERAL_CONVERSION = YES;
				CLANG_WARN_OBJC_ROOT_CLASS = YES_ERROR;
				CLANG_WARN_RANGE_LOOP_ANALYSIS = YES;
				CLANG_WARN_STRICT_PROTOTYPES = YES;
				CLANG_WARN_SUSPICIOUS_MOVE = YES;
				CLANG_WARN_UNGUARDED_AVAILABILITY = YES_AGGRESSIVE;
				CLANG_WARN_UNREACHABLE_CODE = YES;
				CLANG_WARN__DUPLICATE_METHOD_MATCH = YES;
				CODE_SIGN_IDENTITY = "iPhone Developer";
				COPY_PHASE_STRIP = NO;
				DEBUG_INFORMATION_FORMAT = dwarf;
				ENABLE_STRICT_OBJC_MSGSEND = YES;
				ENABLE_TESTABILITY = YES;
				GCC_C_LANGUAGE_STANDARD = gnu11;
				GCC_DYNAMIC_NO_PIC = NO;
				GCC_NO_COMMON_BLOCKS = YES;
				GCC_OPTIMIZATION_LEVEL = 0;
				GCC_PREPROCESSOR_DEFINITIONS = (
					"DEBUG=1",
					"$(inherited)",
				);
				GCC_WARN_64_TO_32_BIT_CONVERSION = YES;
				GCC_WARN_ABOUT_RETURN_TYPE = YES_ERROR;
				GCC_WARN_UNDECLARED_SELECTOR = YES;
				GCC_WARN_UNINITIALIZED_AUTOS = YES_AGGRESSIVE;
				GCC_WARN_UNUSED_FUNCTION = YES;
				GCC_WARN_UNUSED_VARIABLE = YES;
				IPHONEOS_DEPLOYMENT_TARGET = 11.2;
				MTL_ENABLE_DEBUG_INFO = YES;
				ONLY_ACTIVE_ARCH = YES;
				SDKROOT = iphoneos;
				SWIFT_ACTIVE_COMPILATION_CONDITIONS = DEBUG;
				SWIFT_OPTIMIZATION_LEVEL = "-Onone";
			};
			name = Debug;
		};
		27C34F7B2017D9E700B129F6 /* Release */ = {
			isa = XCBuildConfiguration;
			buildSettings = {
				ALWAYS_SEARCH_USER_PATHS = NO;
				CLANG_ANALYZER_NONNULL = YES;
				CLANG_ANALYZER_NUMBER_OBJECT_CONVERSION = YES_AGGRESSIVE;
				CLANG_CXX_LANGUAGE_STANDARD = "gnu++14";
				CLANG_CXX_LIBRARY = "libc++";
				CLANG_ENABLE_MODULES = YES;
				CLANG_ENABLE_OBJC_ARC = YES;
				CLANG_WARN_BLOCK_CAPTURE_AUTORELEASING = YES;
				CLANG_WARN_BOOL_CONVERSION = YES;
				CLANG_WARN_COMMA = YES;
				CLANG_WARN_CONSTANT_CONVERSION = YES;
				CLANG_WARN_DIRECT_OBJC_ISA_USAGE = YES_ERROR;
				CLANG_WARN_DOCUMENTATION_COMMENTS = YES;
				CLANG_WARN_EMPTY_BODY = YES;
				CLANG_WARN_ENUM_CONVERSION = YES;
				CLANG_WARN_INFINITE_RECURSION = YES;
				CLANG_WARN_INT_CONVERSION = YES;
				CLANG_WARN_NON_LITERAL_NULL_CONVERSION = YES;
				CLANG_WARN_OBJC_LITERAL_CONVERSION = YES;
				CLANG_WARN_OBJC_ROOT_CLASS = YES_ERROR;
				CLANG_WARN_RANGE_LOOP_ANALYSIS = YES;
				CLANG_WARN_STRICT_PROTOTYPES = YES;
				CLANG_WARN_SUSPICIOUS_MOVE = YES;
				CLANG_WARN_UNGUARDED_AVAILABILITY = YES_AGGRESSIVE;
				CLANG_WARN_UNREACHABLE_CODE = YES;
				CLANG_WARN__DUPLICATE_METHOD_MATCH = YES;
				CODE_SIGN_IDENTITY = "iPhone Developer";
				COPY_PHASE_STRIP = NO;
				DEBUG_INFORMATION_FORMAT = "dwarf-with-dsym";
				ENABLE_NS_ASSERTIONS = NO;
				ENABLE_STRICT_OBJC_MSGSEND = YES;
				GCC_C_LANGUAGE_STANDARD = gnu11;
				GCC_NO_COMMON_BLOCKS = YES;
				GCC_WARN_64_TO_32_BIT_CONVERSION = YES;
				GCC_WARN_ABOUT_RETURN_TYPE = YES_ERROR;
				GCC_WARN_UNDECLARED_SELECTOR = YES;
				GCC_WARN_UNINITIALIZED_AUTOS = YES_AGGRESSIVE;
				GCC_WARN_UNUSED_FUNCTION = YES;
				GCC_WARN_UNUSED_VARIABLE = YES;
				IPHONEOS_DEPLOYMENT_TARGET = 11.2;
				MTL_ENABLE_DEBUG_INFO = NO;
				SDKROOT = iphoneos;
				SWIFT_OPTIMIZATION_LEVEL = "-Owholemodule";
				VALIDATE_PRODUCT = YES;
			};
			name = Release;
		};
		27C34F7D2017D9E700B129F6 /* Debug */ = {
			isa = XCBuildConfiguration;
			buildSettings = {
				ASSETCATALOG_COMPILER_APPICON_NAME = AppIcon;
				CODE_SIGN_ENTITLEMENTS = Refrain/Refrain.entitlements;
				CODE_SIGN_STYLE = Automatic;
				DEVELOPMENT_TEAM = V9CEBD9ZBT;
				INFOPLIST_FILE = Refrain/Info.plist;
				LD_RUNPATH_SEARCH_PATHS = "$(inherited) @executable_path/Frameworks";
				PRODUCT_BUNDLE_IDENTIFIER = ca.genoe.Refrain;
				PRODUCT_NAME = "$(TARGET_NAME)";
				SWIFT_VERSION = 4.0;
				TARGETED_DEVICE_FAMILY = "1,2";
			};
			name = Debug;
		};
		27C34F7E2017D9E700B129F6 /* Release */ = {
			isa = XCBuildConfiguration;
			buildSettings = {
				ASSETCATALOG_COMPILER_APPICON_NAME = AppIcon;
				CODE_SIGN_ENTITLEMENTS = Refrain/Refrain.entitlements;
				CODE_SIGN_STYLE = Automatic;
				DEVELOPMENT_TEAM = V9CEBD9ZBT;
				INFOPLIST_FILE = Refrain/Info.plist;
				LD_RUNPATH_SEARCH_PATHS = "$(inherited) @executable_path/Frameworks";
				PRODUCT_BUNDLE_IDENTIFIER = ca.genoe.Refrain;
				PRODUCT_NAME = "$(TARGET_NAME)";
				SWIFT_VERSION = 4.0;
				TARGETED_DEVICE_FAMILY = "1,2";
			};
			name = Release;
		};
/* End XCBuildConfiguration section */

/* Begin XCConfigurationList section */
		27C34F652017D9E700B129F6 /* Build configuration list for PBXProject "Refrain" */ = {
			isa = XCConfigurationList;
			buildConfigurations = (
				27C34F7A2017D9E700B129F6 /* Debug */,
				27C34F7B2017D9E700B129F6 /* Release */,
			);
			defaultConfigurationIsVisible = 0;
			defaultConfigurationName = Release;
		};
		27C34F7C2017D9E700B129F6 /* Build configuration list for PBXNativeTarget "Refrain" */ = {
			isa = XCConfigurationList;
			buildConfigurations = (
				27C34F7D2017D9E700B129F6 /* Debug */,
				27C34F7E2017D9E700B129F6 /* Release */,
			);
			defaultConfigurationIsVisible = 0;
			defaultConfigurationName = Release;
		};
/* End XCConfigurationList section */
	};
	rootObject = 27C34F622017D9E700B129F6 /* Project object */;
}
